
Microsoft Visual Studio Solution File, Format Version 12.00
# Visual Studio Version 16
VisualStudioVersion = 16.0.32228.343
MinimumVisualStudioVersion = 10.0.40219.1
Project("{F184B08F-C81C-45F6-A57F-5ABD9991F28F}") = "LNGBaiTapLonn136", "LNGBaiTapLonn136\LNGBaiTapLonn136.vbproj", "{7FF7D91B-9B0F-48B9-AAB8-4EFE3C136327}"
EndProject
Global
	GlobalSection(SolutionConfigurationPlatforms) = preSolution
		Debug|Any CPU = Debug|Any CPU
		Release|Any CPU = Release|Any CPU
	EndGlobalSection
	GlobalSection(ProjectConfigurationPlatforms) = postSolution
		{7FF7D91B-9B0F-48B9-AAB8-4EFE3C136327}.Debug|Any CPU.ActiveCfg = Debug|Any CPU
		{7FF7D91B-9B0F-48B9-AAB8-4EFE3C136327}.Debug|Any CPU.Build.0 = Debug|Any CPU
		{7FF7D91B-9B0F-48B9-AAB8-4EFE3C136327}.Release|Any CPU.ActiveCfg = Release|Any CPU
		{7FF7D91B-9B0F-48B9-AAB8-4EFE3C136327}.Release|Any CPU.Build.0 = Release|Any CPU
	EndGlobalSection
	GlobalSection(SolutionProperties) = preSolution
		HideSolutionNode = FALSE
	EndGlobalSection
	GlobalSection(ExtensibilityGlobals) = postSolution
		SolutionGuid = {68BEE0DE-D871-4E6B-8BBC-0E85BF3BBE72}
	EndGlobalSection
EndGlobal
